
Microsoft Visual Studio Solution File, Format Version 12.00
# Visual Studio 15
VisualStudioVersion = 15.0.27130.0
MinimumVisualStudioVersion = 10.0.40219.1
Project("{FAE04EC0-301F-11D3-BF4B-00C04F79EFBC}") = "SwaggerWcf", "src\SwaggerWcf\SwaggerWcf.csproj", "{0AD6EFBC-412F-4C0E-8E0A-0FAF28151B55}"
EndProject
Project("{FAE04EC0-301F-11D3-BF4B-00C04F79EFBC}") = "SwaggerWcf.Test.Service", "test\SwaggerWcf.Test.Service\SwaggerWcf.Test.Service.csproj", "{FD02752A-614D-4FAF-8994-519C754107B1}"
EndProject
Project("{2150E333-8FDC-42A3-9474-1A3956D46DE8}") = "src", "src", "{370BC7E3-4FB9-49A9-81D7-6CA0BA182B91}"
EndProject
Project("{2150E333-8FDC-42A3-9474-1A3956D46DE8}") = "test", "test", "{84D39713-DA97-488D-9310-D584AF5995BF}"
EndProject
Project("{9A19103F-16F7-4668-BE54-9A1E7A4F7556}") = "SwaggerWcf.Schema2", "src\SwaggerWcf.Schema\SwaggerWcf.Schema2.csproj", "{BA9352DD-4A34-4CF0-B405-8214EEEF2F30}"
EndProject
Project("{FAE04EC0-301F-11D3-BF4B-00C04F79EFBC}") = "SwaggerWcf.Test.Unit", "test\SwaggerWcf.Test.Unit\SwaggerWcf.Test.Unit.csproj", "{AF97088C-C72A-4A07-BE40-D773E3DDAB90}"
EndProject
Global
	GlobalSection(SolutionConfigurationPlatforms) = preSolution
		Debug|Any CPU = Debug|Any CPU
		Release|Any CPU = Release|Any CPU
	EndGlobalSection
	GlobalSection(ProjectConfigurationPlatforms) = postSolution
		{0AD6EFBC-412F-4C0E-8E0A-0FAF28151B55}.Debug|Any CPU.ActiveCfg = Debug|Any CPU
		{0AD6EFBC-412F-4C0E-8E0A-0FAF28151B55}.Debug|Any CPU.Build.0 = Debug|Any CPU
		{0AD6EFBC-412F-4C0E-8E0A-0FAF28151B55}.Release|Any CPU.ActiveCfg = Release|Any CPU
		{0AD6EFBC-412F-4C0E-8E0A-0FAF28151B55}.Release|Any CPU.Build.0 = Release|Any CPU
		{FD02752A-614D-4FAF-8994-519C754107B1}.Debug|Any CPU.ActiveCfg = Debug|Any CPU
		{FD02752A-614D-4FAF-8994-519C754107B1}.Debug|Any CPU.Build.0 = Debug|Any CPU
		{FD02752A-614D-4FAF-8994-519C754107B1}.Release|Any CPU.ActiveCfg = Release|Any CPU
		{FD02752A-614D-4FAF-8994-519C754107B1}.Release|Any CPU.Build.0 = Release|Any CPU
		{BA9352DD-4A34-4CF0-B405-8214EEEF2F30}.Debug|Any CPU.ActiveCfg = Debug|Any CPU
		{BA9352DD-4A34-4CF0-B405-8214EEEF2F30}.Debug|Any CPU.Build.0 = Debug|Any CPU
		{BA9352DD-4A34-4CF0-B405-8214EEEF2F30}.Release|Any CPU.ActiveCfg = Release|Any CPU
		{BA9352DD-4A34-4CF0-B405-8214EEEF2F30}.Release|Any CPU.Build.0 = Release|Any CPU
		{AF97088C-C72A-4A07-BE40-D773E3DDAB90}.Debug|Any CPU.ActiveCfg = Debug|Any CPU
		{AF97088C-C72A-4A07-BE40-D773E3DDAB90}.Debug|Any CPU.Build.0 = Debug|Any CPU
		{AF97088C-C72A-4A07-BE40-D773E3DDAB90}.Release|Any CPU.ActiveCfg = Release|Any CPU
		{AF97088C-C72A-4A07-BE40-D773E3DDAB90}.Release|Any CPU.Build.0 = Release|Any CPU
	EndGlobalSection
	GlobalSection(SolutionProperties) = preSolution
		HideSolutionNode = FALSE
	EndGlobalSection
	GlobalSection(NestedProjects) = preSolution
		{0AD6EFBC-412F-4C0E-8E0A-0FAF28151B55} = {370BC7E3-4FB9-49A9-81D7-6CA0BA182B91}
		{FD02752A-614D-4FAF-8994-519C754107B1} = {84D39713-DA97-488D-9310-D584AF5995BF}
		{BA9352DD-4A34-4CF0-B405-8214EEEF2F30} = {370BC7E3-4FB9-49A9-81D7-6CA0BA182B91}
		{AF97088C-C72A-4A07-BE40-D773E3DDAB90} = {84D39713-DA97-488D-9310-D584AF5995BF}
	EndGlobalSection
	GlobalSection(ExtensibilityGlobals) = postSolution
		SolutionGuid = {84D9206C-36AB-4DB3-BEE7-93CB30CD47C2}
	EndGlobalSection
EndGlobal
